{
  "originHash" : "106cb57398e8bb5664aae8d8a87b9405f96482b9937668051e621dbc61c093c1",
  "pins" : [
    {
      "identity" : "swift-sqlcipher",
      "kind" : "remoteSourceControl",
      "location" : "https://github.com/skiptools/swift-sqlcipher",
      "state" : {
        "revision" : "8d376ade71f2ce83b4c8e3250c79b207db4eddf6",
        "version" : "1.10.0"
      }
    }
  ],
  "version" : 3
}
